
Microsoft Visual Studio Solution File, Format Version 12.00
# Visual Studio Version 16
VisualStudioVersion = 16.0.29102.190
MinimumVisualStudioVersion = 10.0.40219.1
Project("{FAE04EC0-301F-11D3-BF4B-00C04F79EFBC}") = "TimerEvents", "TimerEvents.csproj", "{2FF3CF95-F543-48E9-928A-5CEB21400CF1}"
EndProject
Global
	GlobalSection(SolutionConfigurationPlatforms) = preSolution
		Debug|Any CPU = Debug|Any CPU
		Release|Any CPU = Release|Any CPU
	EndGlobalSection
	GlobalSection(ProjectConfigurationPlatforms) = postSolution
		{2FF3CF95-F543-48E9-928A-5CEB21400CF1}.Debug|Any CPU.ActiveCfg = Debug|Any CPU
		{2FF3CF95-F543-48E9-928A-5CEB21400CF1}.Debug|Any CPU.Build.0 = Debug|Any CPU
		{2FF3CF95-F543-48E9-928A-5CEB21400CF1}.Release|Any CPU.ActiveCfg = Release|Any CPU
		{2FF3CF95-F543-48E9-928A-5CEB21400CF1}.Release|Any CPU.Build.0 = Release|Any CPU
	EndGlobalSection
	GlobalSection(SolutionProperties) = preSolution
		HideSolutionNode = FALSE
	EndGlobalSection
	GlobalSection(ExtensibilityGlobals) = postSolution
		SolutionGuid = {AF8ED883-B2E0-4884-B3B9-8C6E95B1DF4F}
	EndGlobalSection
EndGlobal
